PODS:
  - Capacitor (5.0.4):
    - CapacitorCordova
  - CapacitorCordova (5.0.4)
  - MSAL (1.1.19):
    - MSAL/app-lib (= 1.1.19)
  - MSAL/app-lib (1.1.19)

DEPENDENCIES:
  - "Capacitor (from `../node_modules/@capacitor/ios`)"
  - "CapacitorCordova (from `../node_modules/@capacitor/ios`)"
  - MSAL

SPEC REPOS:
  trunk:
    - MSAL

EXTERNAL SOURCES:
  Capacitor:
    :path: "../node_modules/@capacitor/ios"
  CapacitorCordova:
    :path: "../node_modules/@capacitor/ios"

SPEC CHECKSUMS:
  Capacitor: d3d4463573438b9fa65326d1f3549da6f4c21634
  CapacitorCordova: b1fe6bf1f36974a8e4a9044b342d22d49c0996d6
  MSAL: 0a4993a743aa45147c78c698e0412d00cb005c1a

PODFILE CHECKSUM: f6274e5f60bf7be2dab2cca23d5c22f5d9f33c9e

COCOAPODS: 1.12.1
